
Microsoft Visual Studio Solution File, Format Version 12.00
# Visual Studio 2012
Project("{FAE04EC0-301F-11D3-BF4B-00C04F79EFBC}") = "NBA 2K13 Workarounds Tool", "NBA 2K13 Workarounds Tool\NBA 2K13 Workarounds Tool.csproj", "{238E20C8-4B7D-4430-8805-2229E9597225}"
EndProject
Global
	GlobalSection(SolutionConfigurationPlatforms) = preSolution
		Debug|Any CPU = Debug|Any CPU
		Release|Any CPU = Release|Any CPU
	EndGlobalSection
	GlobalSection(ProjectConfigurationPlatforms) = postSolution
		{238E20C8-4B7D-4430-8805-2229E9597225}.Debug|Any CPU.ActiveCfg = Debug|Any CPU
		{238E20C8-4B7D-4430-8805-2229E9597225}.Debug|Any CPU.Build.0 = Debug|Any CPU
		{238E20C8-4B7D-4430-8805-2229E9597225}.Release|Any CPU.ActiveCfg = Release|Any CPU
		{238E20C8-4B7D-4430-8805-2229E9597225}.Release|Any CPU.Build.0 = Release|Any CPU
	EndGlobalSection
	GlobalSection(SolutionProperties) = preSolution
		HideSolutionNode = FALSE
	EndGlobalSection
EndGlobal
